
Microsoft Visual Studio Solution File, Format Version 12.00
# Visual Studio Version 17
VisualStudioVersion = 17.0.31612.314
MinimumVisualStudioVersion = 10.0.40219.1
Project("{9A19103F-16F7-4668-BE54-9A1E7A4F7556}") = "CourseProject", "CourseProject\CourseProject.csproj", "{4393AFA2-3658-4495-BFCF-D0DB49D2E4CC}"
EndProject
Project("{9A19103F-16F7-4668-BE54-9A1E7A4F7556}") = "CourseProjectWF", "CourseProjectWF\CourseProjectWF.csproj", "{9D1598FA-081B-4687-93A3-8B21BEEC5250}"
EndProject
Project("{9A19103F-16F7-4668-BE54-9A1E7A4F7556}") = "DTO", "DTO\DTO.csproj", "{3C2B8800-AAF5-44F9-B95C-207E8BD0E96B}"
EndProject
Project("{9A19103F-16F7-4668-BE54-9A1E7A4F7556}") = "DAL", "DAL\DAL.csproj", "{0127987B-1579-4D5E-93FD-755C22251C73}"
EndProject
Project("{9A19103F-16F7-4668-BE54-9A1E7A4F7556}") = "Domain", "Domain\Domain.csproj", "{9EECF095-A6F6-42D2-8CFD-428A995E4599}"
EndProject
Project("{FAE04EC0-301F-11D3-BF4B-00C04F79EFBC}") = "UnitTest", "UnitTest\UnitTest.csproj", "{A595CF07-B4FE-4ECA-8E14-95894C8ED8E1}"
EndProject
Global
	GlobalSection(SolutionConfigurationPlatforms) = preSolution
		Debug|Any CPU = Debug|Any CPU
		Release|Any CPU = Release|Any CPU
	EndGlobalSection
	GlobalSection(ProjectConfigurationPlatforms) = postSolution
		{4393AFA2-3658-4495-BFCF-D0DB49D2E4CC}.Debug|Any CPU.ActiveCfg = Debug|Any CPU
		{4393AFA2-3658-4495-BFCF-D0DB49D2E4CC}.Debug|Any CPU.Build.0 = Debug|Any CPU
		{4393AFA2-3658-4495-BFCF-D0DB49D2E4CC}.Release|Any CPU.ActiveCfg = Release|Any CPU
		{4393AFA2-3658-4495-BFCF-D0DB49D2E4CC}.Release|Any CPU.Build.0 = Release|Any CPU
		{9D1598FA-081B-4687-93A3-8B21BEEC5250}.Debug|Any CPU.ActiveCfg = Debug|Any CPU
		{9D1598FA-081B-4687-93A3-8B21BEEC5250}.Debug|Any CPU.Build.0 = Debug|Any CPU
		{9D1598FA-081B-4687-93A3-8B21BEEC5250}.Release|Any CPU.ActiveCfg = Release|Any CPU
		{9D1598FA-081B-4687-93A3-8B21BEEC5250}.Release|Any CPU.Build.0 = Release|Any CPU
		{3C2B8800-AAF5-44F9-B95C-207E8BD0E96B}.Debug|Any CPU.ActiveCfg = Debug|Any CPU
		{3C2B8800-AAF5-44F9-B95C-207E8BD0E96B}.Debug|Any CPU.Build.0 = Debug|Any CPU
		{3C2B8800-AAF5-44F9-B95C-207E8BD0E96B}.Release|Any CPU.ActiveCfg = Release|Any CPU
		{3C2B8800-AAF5-44F9-B95C-207E8BD0E96B}.Release|Any CPU.Build.0 = Release|Any CPU
		{0127987B-1579-4D5E-93FD-755C22251C73}.Debug|Any CPU.ActiveCfg = Debug|Any CPU
		{0127987B-1579-4D5E-93FD-755C22251C73}.Debug|Any CPU.Build.0 = Debug|Any CPU
		{0127987B-1579-4D5E-93FD-755C22251C73}.Release|Any CPU.ActiveCfg = Release|Any CPU
		{0127987B-1579-4D5E-93FD-755C22251C73}.Release|Any CPU.Build.0 = Release|Any CPU
		{9EECF095-A6F6-42D2-8CFD-428A995E4599}.Debug|Any CPU.ActiveCfg = Debug|Any CPU
		{9EECF095-A6F6-42D2-8CFD-428A995E4599}.Debug|Any CPU.Build.0 = Debug|Any CPU
		{9EECF095-A6F6-42D2-8CFD-428A995E4599}.Release|Any CPU.ActiveCfg = Release|Any CPU
		{9EECF095-A6F6-42D2-8CFD-428A995E4599}.Release|Any CPU.Build.0 = Release|Any CPU
		{A595CF07-B4FE-4ECA-8E14-95894C8ED8E1}.Debug|Any CPU.ActiveCfg = Debug|Any CPU
		{A595CF07-B4FE-4ECA-8E14-95894C8ED8E1}.Debug|Any CPU.Build.0 = Debug|Any CPU
		{A595CF07-B4FE-4ECA-8E14-95894C8ED8E1}.Release|Any CPU.ActiveCfg = Release|Any CPU
		{A595CF07-B4FE-4ECA-8E14-95894C8ED8E1}.Release|Any CPU.Build.0 = Release|Any CPU
	EndGlobalSection
	GlobalSection(SolutionProperties) = preSolution
		HideSolutionNode = FALSE
	EndGlobalSection
	GlobalSection(ExtensibilityGlobals) = postSolution
		SolutionGuid = {0F7C1E51-24E7-41C8-8B4A-CBCBFA4DFC45}
	EndGlobalSection
EndGlobal
